
Microsoft Visual Studio Solution File, Format Version 12.00
# Visual Studio Version 17
VisualStudioVersion = 17.5.33627.172
MinimumVisualStudioVersion = 10.0.40219.1
Project("{9A19103F-16F7-4668-BE54-9A1E7A4F7556}") = "EC.Console.Client.Calculator.Presentation", "EC.Console.Client.Calculator.Presentation\EC.Console.Client.Calculator.Presentation.csproj", "{26F793CD-C584-4AFA-A653-3024DC1FC22E}"
EndProject
Project("{2150E333-8FDC-42A3-9474-1A3956D46DE8}") = "Solution Items", "Solution Items", "{06454398-15A7-4817-874F-734AA3A51C57}"
	ProjectSection(SolutionItems) = preProject
		README.md = README.md
	EndProjectSection
EndProject
Project("{9A19103F-16F7-4668-BE54-9A1E7A4F7556}") = "EC.Console.Client.Calculator.Services", "EC.Console.Client.Calculator.Services\EC.Console.Client.Calculator.Services.csproj", "{18B3049F-14B6-40A0-9FBA-0857D8EB8AA5}"
EndProject
Project("{2150E333-8FDC-42A3-9474-1A3956D46DE8}") = "1. Services", "1. Services", "{36D9033A-5368-4573-90C5-C1C76C08AAA2}"
EndProject
Project("{2150E333-8FDC-42A3-9474-1A3956D46DE8}") = "2. Presentation", "2. Presentation", "{AE62A05F-B3CC-461C-9C84-2FBE19E46905}"
EndProject
Project("{2150E333-8FDC-42A3-9474-1A3956D46DE8}") = "3. Test", "3. Test", "{9F113763-1EE0-44F6-8516-DF22E5F6F13B}"
EndProject
Project("{2150E333-8FDC-42A3-9474-1A3956D46DE8}") = "3.1. Services", "3.1. Services", "{A61E393D-089A-4312-A0A3-533018545A20}"
EndProject
Project("{2150E333-8FDC-42A3-9474-1A3956D46DE8}") = "3.2. Presentation", "3.2. Presentation", "{AE5F16D2-CEB7-46A8-858A-E95CC1ECB3A9}"
EndProject
Project("{FAE04EC0-301F-11D3-BF4B-00C04F79EFBC}") = "EC.Console.Client.Calculator.Test.Services", "EC.Console.Client.Calculator.Test.Services\EC.Console.Client.Calculator.Test.Services.csproj", "{6444D321-1EA4-44D1-98E3-4500C46B2BE8}"
EndProject
Project("{FAE04EC0-301F-11D3-BF4B-00C04F79EFBC}") = "EC.Console.Client.Calculator.Test.Presentation", "EC.Console.Client.Calculator.Test.Presentation\EC.Console.Client.Calculator.Test.Presentation.csproj", "{CFEFD80A-7EA2-428D-8061-B27A53C17FD5}"
EndProject
Project("{2150E333-8FDC-42A3-9474-1A3956D46DE8}") = "3.3 Helpers", "3.3 Helpers", "{0A05D7EC-C5CF-440F-88A3-4F1C890F2A9C}"
EndProject
Project("{FAE04EC0-301F-11D3-BF4B-00C04F79EFBC}") = "EC.Console.Client.Calculator.Test.Helpers", "EC.Console.Client.Calculator.Test.Helpers\EC.Console.Client.Calculator.Test.Helpers.csproj", "{7FEEB4C4-4399-4FFE-A59A-EF63A869A671}"
EndProject
Global
	GlobalSection(SolutionConfigurationPlatforms) = preSolution
		Debug|Any CPU = Debug|Any CPU
		Release|Any CPU = Release|Any CPU
	EndGlobalSection
	GlobalSection(ProjectConfigurationPlatforms) = postSolution
		{26F793CD-C584-4AFA-A653-3024DC1FC22E}.Debug|Any CPU.ActiveCfg = Debug|Any CPU
		{26F793CD-C584-4AFA-A653-3024DC1FC22E}.Debug|Any CPU.Build.0 = Debug|Any CPU
		{26F793CD-C584-4AFA-A653-3024DC1FC22E}.Release|Any CPU.ActiveCfg = Release|Any CPU
		{26F793CD-C584-4AFA-A653-3024DC1FC22E}.Release|Any CPU.Build.0 = Release|Any CPU
		{18B3049F-14B6-40A0-9FBA-0857D8EB8AA5}.Debug|Any CPU.ActiveCfg = Debug|Any CPU
		{18B3049F-14B6-40A0-9FBA-0857D8EB8AA5}.Debug|Any CPU.Build.0 = Debug|Any CPU
		{18B3049F-14B6-40A0-9FBA-0857D8EB8AA5}.Release|Any CPU.ActiveCfg = Release|Any CPU
		{18B3049F-14B6-40A0-9FBA-0857D8EB8AA5}.Release|Any CPU.Build.0 = Release|Any CPU
		{6444D321-1EA4-44D1-98E3-4500C46B2BE8}.Debug|Any CPU.ActiveCfg = Debug|Any CPU
		{6444D321-1EA4-44D1-98E3-4500C46B2BE8}.Debug|Any CPU.Build.0 = Debug|Any CPU
		{6444D321-1EA4-44D1-98E3-4500C46B2BE8}.Release|Any CPU.ActiveCfg = Release|Any CPU
		{6444D321-1EA4-44D1-98E3-4500C46B2BE8}.Release|Any CPU.Build.0 = Release|Any CPU
		{CFEFD80A-7EA2-428D-8061-B27A53C17FD5}.Debug|Any CPU.ActiveCfg = Debug|Any CPU
		{CFEFD80A-7EA2-428D-8061-B27A53C17FD5}.Debug|Any CPU.Build.0 = Debug|Any CPU
		{CFEFD80A-7EA2-428D-8061-B27A53C17FD5}.Release|Any CPU.ActiveCfg = Release|Any CPU
		{CFEFD80A-7EA2-428D-8061-B27A53C17FD5}.Release|Any CPU.Build.0 = Release|Any CPU
		{7FEEB4C4-4399-4FFE-A59A-EF63A869A671}.Debug|Any CPU.ActiveCfg = Debug|Any CPU
		{7FEEB4C4-4399-4FFE-A59A-EF63A869A671}.Debug|Any CPU.Build.0 = Debug|Any CPU
		{7FEEB4C4-4399-4FFE-A59A-EF63A869A671}.Release|Any CPU.ActiveCfg = Release|Any CPU
		{7FEEB4C4-4399-4FFE-A59A-EF63A869A671}.Release|Any CPU.Build.0 = Release|Any CPU
	EndGlobalSection
	GlobalSection(SolutionProperties) = preSolution
		HideSolutionNode = FALSE
	EndGlobalSection
	GlobalSection(NestedProjects) = preSolution
		{26F793CD-C584-4AFA-A653-3024DC1FC22E} = {AE62A05F-B3CC-461C-9C84-2FBE19E46905}
		{18B3049F-14B6-40A0-9FBA-0857D8EB8AA5} = {36D9033A-5368-4573-90C5-C1C76C08AAA2}
		{A61E393D-089A-4312-A0A3-533018545A20} = {9F113763-1EE0-44F6-8516-DF22E5F6F13B}
		{AE5F16D2-CEB7-46A8-858A-E95CC1ECB3A9} = {9F113763-1EE0-44F6-8516-DF22E5F6F13B}
		{6444D321-1EA4-44D1-98E3-4500C46B2BE8} = {A61E393D-089A-4312-A0A3-533018545A20}
		{CFEFD80A-7EA2-428D-8061-B27A53C17FD5} = {AE5F16D2-CEB7-46A8-858A-E95CC1ECB3A9}
		{0A05D7EC-C5CF-440F-88A3-4F1C890F2A9C} = {9F113763-1EE0-44F6-8516-DF22E5F6F13B}
		{7FEEB4C4-4399-4FFE-A59A-EF63A869A671} = {0A05D7EC-C5CF-440F-88A3-4F1C890F2A9C}
	EndGlobalSection
	GlobalSection(ExtensibilityGlobals) = postSolution
		SolutionGuid = {C5AB8762-F945-41BE-97E3-19A4AE8CF656}
	EndGlobalSection
EndGlobal
